
Microsoft Visual Studio Solution File, Format Version 12.00
# Visual Studio Version 17
VisualStudioVersion = 17.9.34622.214
MinimumVisualStudioVersion = 10.0.40219.1
Project("{9A19103F-16F7-4668-BE54-9A1E7A4F7556}") = "MilesCarRental", "MilesCarRental\MilesCarRental.csproj", "{0613F74A-2B3F-44BC-887F-E409B904B9C3}"
EndProject
Project("{2150E333-8FDC-42A3-9474-1A3956D46DE8}") = "Domain", "Domain", "{D071C275-0C41-47B9-B450-8F43C818F238}"
EndProject
Project("{2150E333-8FDC-42A3-9474-1A3956D46DE8}") = "Application", "Application", "{329A682B-0455-44D3-8219-1C6A8162CD25}"
EndProject
Project("{2150E333-8FDC-42A3-9474-1A3956D46DE8}") = "Infrastructure", "Infrastructure", "{45B97CC8-3F36-4D3C-B3DE-7EF1BCE46D74}"
EndProject
Project("{2150E333-8FDC-42A3-9474-1A3956D46DE8}") = "Presentation", "Presentation", "{13DD718B-92EF-43A5-BAAB-E467AB3F9529}"
EndProject
Project("{FAE04EC0-301F-11D3-BF4B-00C04F79EFBC}") = "Application", "Application\Application.csproj", "{210B23CB-3AEF-4BFC-8011-915E059B1896}"
EndProject
Global
	GlobalSection(SolutionConfigurationPlatforms) = preSolution
		Debug|Any CPU = Debug|Any CPU
		Release|Any CPU = Release|Any CPU
	EndGlobalSection
	GlobalSection(ProjectConfigurationPlatforms) = postSolution
		{0613F74A-2B3F-44BC-887F-E409B904B9C3}.Debug|Any CPU.ActiveCfg = Debug|Any CPU
		{0613F74A-2B3F-44BC-887F-E409B904B9C3}.Debug|Any CPU.Build.0 = Debug|Any CPU
		{0613F74A-2B3F-44BC-887F-E409B904B9C3}.Release|Any CPU.ActiveCfg = Release|Any CPU
		{0613F74A-2B3F-44BC-887F-E409B904B9C3}.Release|Any CPU.Build.0 = Release|Any CPU
		{210B23CB-3AEF-4BFC-8011-915E059B1896}.Debug|Any CPU.ActiveCfg = Debug|Any CPU
		{210B23CB-3AEF-4BFC-8011-915E059B1896}.Debug|Any CPU.Build.0 = Debug|Any CPU
		{210B23CB-3AEF-4BFC-8011-915E059B1896}.Release|Any CPU.ActiveCfg = Release|Any CPU
		{210B23CB-3AEF-4BFC-8011-915E059B1896}.Release|Any CPU.Build.0 = Release|Any CPU
	EndGlobalSection
	GlobalSection(SolutionProperties) = preSolution
		HideSolutionNode = FALSE
	EndGlobalSection
	GlobalSection(NestedProjects) = preSolution
		{0613F74A-2B3F-44BC-887F-E409B904B9C3} = {13DD718B-92EF-43A5-BAAB-E467AB3F9529}
		{210B23CB-3AEF-4BFC-8011-915E059B1896} = {329A682B-0455-44D3-8219-1C6A8162CD25}
	EndGlobalSection
	GlobalSection(ExtensibilityGlobals) = postSolution
		SolutionGuid = {512C5CF2-7D77-474B-8E5A-BA16F2AA80DF}
	EndGlobalSection
EndGlobal
